
Microsoft Visual Studio Solution File, Format Version 12.00
# Visual Studio Version 17
VisualStudioVersion = 17.4.33213.308
MinimumVisualStudioVersion = 10.0.40219.1
Project("{FAE04EC0-301F-11D3-BF4B-00C04F79EFBC}") = "HABERSİTEM", "HABERSİTEM\HABERSİTEM.csproj", "{BBBD9428-3AC1-47FA-9863-104887793950}"
EndProject
Global
	GlobalSection(SolutionConfigurationPlatforms) = preSolution
		Debug|Any CPU = Debug|Any CPU
		Release|Any CPU = Release|Any CPU
	EndGlobalSection
	GlobalSection(ProjectConfigurationPlatforms) = postSolution
		{BBBD9428-3AC1-47FA-9863-104887793950}.Debug|Any CPU.ActiveCfg = Debug|Any CPU
		{BBBD9428-3AC1-47FA-9863-104887793950}.Debug|Any CPU.Build.0 = Debug|Any CPU
		{BBBD9428-3AC1-47FA-9863-104887793950}.Release|Any CPU.ActiveCfg = Release|Any CPU
		{BBBD9428-3AC1-47FA-9863-104887793950}.Release|Any CPU.Build.0 = Release|Any CPU
	EndGlobalSection
	GlobalSection(SolutionProperties) = preSolution
		HideSolutionNode = FALSE
	EndGlobalSection
	GlobalSection(ExtensibilityGlobals) = postSolution
		SolutionGuid = {E253439C-772D-4FE9-9674-AA9940A54ABA}
	EndGlobalSection
EndGlobal
